<?xml version="1.0" encoding="utf-8"?>
<Project ToolsVersion="4.0" xmlns="http://schemas.microsoft.com/developer/msbuild/2003">
  <ItemGroup>
    <Filter Include="Header Files">
      <UniqueIdentifier>{c00194ea-047c-4bb5-8580-7d3f42444be9}</UniqueIdentifier>
    </Filter>
    <Filter Include="Source Files">
      <UniqueIdentifier>{7238db02-146d-4c6f-9b28-7e4ef73e79b8}</UniqueIdentifier>
    </Filter>
  </ItemGroup>
  <ItemGroup>
    <ClCompile Include="main.c">
      <Filter>Source Files</Filter>
    </ClCompile>
    <ClCompile Include="game.c">
      <Filter>Source Files</Filter>
    </ClCompile>
    <ClCompile Include="utils.c">
      <Filter>Source Files</Filter>
    </ClCompile>
    <ClCompile Include="asset_loading.c">
      <Filter>Source Files</Filter>
    </ClCompile>
    <ClCompile Include="SCENE_MainMenu.c">
      <Filter>Source Files</Filter>
    </ClCompile>
    <ClCompile Include="unit.c">
      <Filter>Source Files</Filter>
    </ClCompile>
    <ClCompile Include="enemybase.c">
      <Filter>Source Files</Filter>
    </ClCompile>
    <ClCompile Include="SCENE_Intro.c">
      <Filter>Source Files</Filter>
    </ClCompile>
    <ClCompile Include="hero.c">
      <Filter>Source Files</Filter>
    </ClCompile>
    <ClCompile Include="FUNC_Animation_Motion.c">
      <Filter>Source Files</Filter>
    </ClCompile>
    <ClCompile Include="FUNC_BUTTON.c">
      <Filter>Source Files</Filter>
    </ClCompile>
    <ClCompile Include="SCENE_MainTitle.c">
      <Filter>Source Files</Filter>
    </ClCompile>
    <ClCompile Include="SCENE_StageEnd.c">
      <Filter>Source Files</Filter>
    </ClCompile>
    <ClCompile Include="skill.c">
      <Filter>Source Files</Filter>
    </ClCompile>
    <ClCompile Include="camera.c">
      <Filter>Source Files</Filter>
    </ClCompile>
  </ItemGroup>
  <ItemGroup>
    <ClInclude Include="utils.h">
      <Filter>Header Files</Filter>
    </ClInclude>
    <ClInclude Include="game.h">
      <Filter>Header Files</Filter>
    </ClInclude>
    <ClInclude Include="asset_loading.h">
      <Filter>Header Files</Filter>
    </ClInclude>
    <ClInclude Include="unit.h">
      <Filter>Header Files</Filter>
    </ClInclude>
    <ClInclude Include="hero.h">
      <Filter>Header Files</Filter>
    </ClInclude>
    <ClInclude Include="constants.h">
      <Filter>Header Files</Filter>
    </ClInclude>
    <ClInclude Include="SCENE_MainMenu.h">
      <Filter>Header Files</Filter>
    </ClInclude>
    <ClInclude Include="colors.h">
      <Filter>Header Files</Filter>
    </ClInclude>
    <ClInclude Include="enemybase.h">
      <Filter>Header Files</Filter>
    </ClInclude>
    <ClInclude Include="resource.h">
      <Filter>Header Files</Filter>
    </ClInclude>
    <ClInclude Include="SCENE_Intro.h">
      <Filter>Header Files</Filter>
    </ClInclude>
    <ClInclude Include="FUNC_Animation_Motion.h">
      <Filter>Header Files</Filter>
    </ClInclude>
    <ClInclude Include="mainmenu.h">
      <Filter>Header Files</Filter>
    </ClInclude>
    <ClInclude Include="FUNC_BUTTON.h">
      <Filter>Header Files</Filter>
    </ClInclude>
    <ClInclude Include="SCENE_MainTitle.h">
      <Filter>Header Files</Filter>
    </ClInclude>
    <ClInclude Include="SCENE_StageEnd.h">
      <Filter>Header Files</Filter>
    </ClInclude>
    <ClInclude Include="skill.h">
      <Filter>Header Files</Filter>
    </ClInclude>
    <ClInclude Include="camera.h">
      <Filter>Header Files</Filter>
    </ClInclude>
  </ItemGroup>
</Project>